// !$*UTF8*$!
{
	archiveVersion = 1;
	classes = {
	};
	objectVersion = 50;
	objects = {

/* Begin PBXBuildFile section */
		3680ABBD224F3CD500B26586 /* GameTableViewCell.swift in Sources */ = {isa = PBXBuildFile; fileRef = 3680ABBB224F3CD500B26586 /* GameTableViewCell.swift */; };
		3680ABBE224F3CD500B26586 /* GameTableViewCell.xib in Resources */ = {isa = PBXBuildFile; fileRef = 3680ABBC224F3CD500B26586 /* GameTableViewCell.xib */; };
		36DBA9B6224EB25700C7A75F /* AppDelegate.swift in Sources */ = {isa = PBXBuildFile; fileRef = 36DBA9B5224EB25700C7A75F /* AppDelegate.swift */; };
		36DBA9B8224EB25700C7A75F /* ViewController.swift in Sources */ = {isa = PBXBuildFile; fileRef = 36DBA9B7224EB25700C7A75F /* ViewController.swift */; };
		36DBA9BB224EB25700C7A75F /* Main.storyboard in Resources */ = {isa = PBXBuildFile; fileRef = 36DBA9B9224EB25700C7A75F /* Main.storyboard */; };
		36DBA9BD224EB25900C7A75F /* Assets.xcassets in Resources */ = {isa = PBXBuildFile; fileRef = 36DBA9BC224EB25900C7A75F /* Assets.xcassets */; };
		36DBA9C0224EB25900C7A75F /* LaunchScreen.storyboard in Resources */ = {isa = PBXBuildFile; fileRef = 36DBA9BE224EB25900C7A75F /* LaunchScreen.storyboard */; };
		36DBA9CC224EB32E00C7A75F /* Default-568h@2x.png in Resources */ = {isa = PBXBuildFile; fileRef = 36DBA9CB224EB32E00C7A75F /* Default-568h@2x.png */; };
		36DBA9CE224EB61D00C7A75F /* VideoViewController.swift in Sources */ = {isa = PBXBuildFile; fileRef = 36DBA9CD224EB61D00C7A75F /* VideoViewController.swift */; };
/* End PBXBuildFile section */

/* Begin PBXFileReference section */
		3680ABBB224F3CD500B26586 /* GameTableViewCell.swift */ = {isa = PBXFileReference; lastKnownFileType = sourcecode.swift; path = GameTableViewCell.swift; sourceTree = "<group>"; };
		3680ABBC224F3CD500B26586 /* GameTableViewCell.xib */ = {isa = PBXFileReference; lastKnownFileType = file.xib; path = GameTableViewCell.xib; sourceTree = "<group>"; };
		36DBA9B2224EB25700C7A75F /* VideoFromTwitchTV.app */ = {isa = PBXFileReference; explicitFileType = wrapper.application; includeInIndex = 0; path = VideoFromTwitchTV.app; sourceTree = BUILT_PRODUCTS_DIR; };
		36DBA9B5224EB25700C7A75F /* AppDelegate.swift */ = {isa = PBXFileReference; lastKnownFileType = sourcecode.swift; path = AppDelegate.swift; sourceTree = "<group>"; };
		36DBA9B7224EB25700C7A75F /* ViewController.swift */ = {isa = PBXFileReference; lastKnownFileType = sourcecode.swift; path = ViewController.swift; sourceTree = "<group>"; };
		36DBA9BA224EB25700C7A75F /* Base */ = {isa = PBXFileReference; lastKnownFileType = file.storyboard; name = Base; path = Base.lproj/Main.storyboard; sourceTree = "<group>"; };
		36DBA9BC224EB25900C7A75F /* Assets.xcassets */ = {isa = PBXFileReference; lastKnownFileType = folder.assetcatalog; path = Assets.xcassets; sourceTree = "<group>"; };
		36DBA9BF224EB25900C7A75F /* Base */ = {isa = PBXFileReference; lastKnownFileType = file.storyboard; name = Base; path = Base.lproj/LaunchScreen.storyboard; sourceTree = "<group>"; };
		36DBA9C1224EB25900C7A75F /* Info.plist */ = {isa = PBXFileReference; lastKnownFileType = text.plist.xml; path = Info.plist; sourceTree = "<group>"; };
		36DBA9CB224EB32E00C7A75F /* Default-568h@2x.png */ = {isa = PBXFileReference; lastKnownFileType = image.png; path = "Default-568h@2x.png"; sourceTree = "<group>"; };
		36DBA9CD224EB61D00C7A75F /* VideoViewController.swift */ = {isa = PBXFileReference; lastKnownFileType = sourcecode.swift; path = VideoViewController.swift; sourceTree = "<group>"; };
/* End PBXFileReference section */

/* Begin PBXFrameworksBuildPhase section */
		36DBA9AF224EB25700C7A75F /* Frameworks */ = {
			isa = PBXFrameworksBuildPhase;
			buildActionMask = 2147483647;
			files = (
			);
			runOnlyForDeploymentPostprocessing = 0;
		};
/* End PBXFrameworksBuildPhase section */

/* Begin PBXGroup section */
		3680ABBA224F3C9C00B26586 /* CustomCell */ = {
			isa = PBXGroup;
			children = (
				3680ABBB224F3CD500B26586 /* GameTableViewCell.swift */,
				3680ABBC224F3CD500B26586 /* GameTableViewCell.xib */,
			);
			path = CustomCell;
			sourceTree = "<group>";
		};
		36DBA9A9224EB25700C7A75F = {
			isa = PBXGroup;
			children = (
				36DBA9B4224EB25700C7A75F /* VideoFromTwitchTV */,
				36DBA9B3224EB25700C7A75F /* Products */,
			);
			sourceTree = "<group>";
		};
		36DBA9B3224EB25700C7A75F /* Products */ = {
			isa = PBXGroup;
			children = (
				36DBA9B2224EB25700C7A75F /* VideoFromTwitchTV.app */,
			);
			name = Products;
			sourceTree = "<group>";
		};
		36DBA9B4224EB25700C7A75F /* VideoFromTwitchTV */ = {
			isa = PBXGroup;
			children = (
				36DBA9C1224EB25900C7A75F /* Info.plist */,
				36DBA9C7224EB2CD00C7A75F /* Model */,
				36DBA9C8224EB2D500C7A75F /* View */,
				36DBA9C9224EB2DD00C7A75F /* Controller */,
				36DBA9CA224EB2E800C7A75F /* SupportingFiles */,
			);
			path = VideoFromTwitchTV;
			sourceTree = "<group>";
		};
		36DBA9C7224EB2CD00C7A75F /* Model */ = {
			isa = PBXGroup;
			children = (
			);
			path = Model;
			sourceTree = "<group>";
		};
		36DBA9C8224EB2D500C7A75F /* View */ = {
			isa = PBXGroup;
			children = (
				36DBA9B9224EB25700C7A75F /* Main.storyboard */,
			);
			path = View;
			sourceTree = "<group>";
		};
		36DBA9C9224EB2DD00C7A75F /* Controller */ = {
			isa = PBXGroup;
			children = (
				36DBA9B7224EB25700C7A75F /* ViewController.swift */,
				36DBA9CD224EB61D00C7A75F /* VideoViewController.swift */,
				3680ABBA224F3C9C00B26586 /* CustomCell */,
			);
			path = Controller;
			sourceTree = "<group>";
		};
		36DBA9CA224EB2E800C7A75F /* SupportingFiles */ = {
			isa = PBXGroup;
			children = (
				36DBA9CB224EB32E00C7A75F /* Default-568h@2x.png */,
				36DBA9BC224EB25900C7A75F /* Assets.xcassets */,
				36DBA9BE224EB25900C7A75F /* LaunchScreen.storyboard */,
				36DBA9B5224EB25700C7A75F /* AppDelegate.swift */,
			);
			path = SupportingFiles;
			sourceTree = "<group>";
		};
/* End PBXGroup section */

/* Begin PBXNativeTarget section */
		36DBA9B1224EB25700C7A75F /* VideoFromTwitchTV */ = {
			isa = PBXNativeTarget;
			buildConfigurationList = 36DBA9C4224EB25900C7A75F /* Build configuration list for PBXNativeTarget "VideoFromTwitchTV" */;
			buildPhases = (
				36DBA9AE224EB25700C7A75F /* Sources */,
				36DBA9AF224EB25700C7A75F /* Frameworks */,
				36DBA9B0224EB25700C7A75F /* Resources */,
			);
			buildRules = (
			);
			dependencies = (
			);
			name = VideoFromTwitchTV;
			productName = VideoFromTwitchTV;
			productReference = 36DBA9B2224EB25700C7A75F /* VideoFromTwitchTV.app */;
			productType = "com.apple.product-type.application";
		};
/* End PBXNativeTarget section */

/* Begin PBXProject section */
		36DBA9AA224EB25700C7A75F /* Project object */ = {
			isa = PBXProject;
			attributes = {
				LastSwiftUpdateCheck = 1020;
				LastUpgradeCheck = 1020;
				ORGANIZATIONNAME = "Mariusz Gil";
				TargetAttributes = {
					36DBA9B1224EB25700C7A75F = {
						CreatedOnToolsVersion = 10.2;
					};
				};
			};
			buildConfigurationList = 36DBA9AD224EB25700C7A75F /* Build configuration list for PBXProject "VideoFromTwitchTV" */;
			compatibilityVersion = "Xcode 9.3";
			developmentRegion = en;
			hasScannedForEncodings = 0;
			knownRegions = (
				en,
				Base,
			);
			mainGroup = 36DBA9A9224EB25700C7A75F;
			productRefGroup = 36DBA9B3224EB25700C7A75F /* Products */;
			projectDirPath = "";
			projectRoot = "";
			targets = (
				36DBA9B1224EB25700C7A75F /* VideoFromTwitchTV */,
			);
		};
/* End PBXProject section */

/* Begin PBXResourcesBuildPhase section */
		36DBA9B0224EB25700C7A75F /* Resources */ = {
			isa = PBXResourcesBuildPhase;
			buildActionMask = 2147483647;
			files = (
				36DBA9C0224EB25900C7A75F /* LaunchScreen.storyboard in Resources */,
				3680ABBE224F3CD500B26586 /* GameTableViewCell.xib in Resources */,
				36DBA9CC224EB32E00C7A75F /* Default-568h@2x.png in Resources */,
				36DBA9BD224EB25900C7A75F /* Assets.xcassets in Resources */,
				36DBA9BB224EB25700C7A75F /* Main.storyboard in Resources */,
			);
			runOnlyForDeploymentPostprocessing = 0;
		};
/* End PBXResourcesBuildPhase section */

/* Begin PBXSourcesBuildPhase section */
		36DBA9AE224EB25700C7A75F /* Sources */ = {
			isa = PBXSourcesBuildPhase;
			buildActionMask = 2147483647;
			files = (
				36DBA9B8224EB25700C7A75F /* ViewController.swift in Sources */,
				36DBA9B6224EB25700C7A75F /* AppDelegate.swift in Sources */,
				36DBA9CE224EB61D00C7A75F /* VideoViewController.swift in Sources */,
				3680ABBD224F3CD500B26586 /* GameTableViewCell.swift in Sources */,
			);
			runOnlyForDeploymentPostprocessing = 0;
		};
/* End PBXSourcesBuildPhase section */

/* Begin PBXVariantGroup section */
		36DBA9B9224EB25700C7A75F /* Main.storyboard */ = {
			isa = PBXVariantGroup;
			children = (
				36DBA9BA224EB25700C7A75F /* Base */,
			);
			name = Main.storyboard;
			sourceTree = "<group>";
		};
		36DBA9BE224EB25900C7A75F /* LaunchScreen.storyboard */ = {
			isa = PBXVariantGroup;
			children = (
				36DBA9BF224EB25900C7A75F /* Base */,
			);
			name = LaunchScreen.storyboard;
			sourceTree = "<group>";
		};
/* End PBXVariantGroup section */

/* Begin XCBuildConfiguration section */
		36DBA9C2224EB25900C7A75F /* Debug */ = {
			isa = XCBuildConfiguration;
			buildSettings = {
				ALWAYS_SEARCH_USER_PATHS = NO;
				CLANG_ANALYZER_NONNULL = YES;
				CLANG_ANALYZER_NUMBER_OBJECT_CONVERSION = YES_AGGRESSIVE;
				CLANG_CXX_LANGUAGE_STANDARD = "gnu++14";
				CLANG_CXX_LIBRARY = "libc++";
				CLANG_ENABLE_MODULES = YES;
				CLANG_ENABLE_OBJC_ARC = YES;
				CLANG_ENABLE_OBJC_WEAK = YES;
				CLANG_WARN_BLOCK_CAPTURE_AUTORELEASING = YES;
				CLANG_WARN_BOOL_CONVERSION = YES;
				CLANG_WARN_COMMA = YES;
				CLANG_WARN_CONSTANT_CONVERSION = YES;
				CLANG_WARN_DEPRECATED_OBJC_IMPLEMENTATIONS = YES;
				CLANG_WARN_DIRECT_OBJC_ISA_USAGE = YES_ERROR;
				CLANG_WARN_DOCUMENTATION_COMMENTS = YES;
				CLANG_WARN_EMPTY_BODY = YES;
				CLANG_WARN_ENUM_CONVERSION = YES;
				CLANG_WARN_INFINITE_RECURSION = YES;
				CLANG_WARN_INT_CONVERSION = YES;
				CLANG_WARN_NON_LITERAL_NULL_CONVERSION = YES;
				CLANG_WARN_OBJC_IMPLICIT_RETAIN_SELF = YES;
				CLANG_WARN_OBJC_LITERAL_CONVERSION = YES;
				CLANG_WARN_OBJC_ROOT_CLASS = YES_ERROR;
				CLANG_WARN_RANGE_LOOP_ANALYSIS = YES;
				CLANG_WARN_STRICT_PROTOTYPES = YES;
				CLANG_WARN_SUSPICIOUS_MOVE = YES;
				CLANG_WARN_UNGUARDED_AVAILABILITY = YES_AGGRESSIVE;
				CLANG_WARN_UNREACHABLE_CODE = YES;
				CLANG_WARN__DUPLICATE_METHOD_MATCH = YES;
				CODE_SIGN_IDENTITY = "iPhone Developer";
				COPY_PHASE_STRIP = NO;
				DEBUG_INFORMATION_FORMAT = dwarf;
				ENABLE_STRICT_OBJC_MSGSEND = YES;
				ENABLE_TESTABILITY = YES;
				GCC_C_LANGUAGE_STANDARD = gnu11;
				GCC_DYNAMIC_NO_PIC = NO;
				GCC_NO_COMMON_BLOCKS = YES;
				GCC_OPTIMIZATION_LEVEL = 0;
				GCC_PREPROCESSOR_DEFINITIONS = (
					"DEBUG=1",
					"$(inherited)",
				);
				GCC_WARN_64_TO_32_BIT_CONVERSION = YES;
				GCC_WARN_ABOUT_RETURN_TYPE = YES_ERROR;
				GCC_WARN_UNDECLARED_SELECTOR = YES;
				GCC_WARN_UNINITIALIZED_AUTOS = YES_AGGRESSIVE;
				GCC_WARN_UNUSED_FUNCTION = YES;
				GCC_WARN_UNUSED_VARIABLE = YES;
				IPHONEOS_DEPLOYMENT_TARGET = 12.2;
				MTL_ENABLE_DEBUG_INFO = INCLUDE_SOURCE;
				MTL_FAST_MATH = YES;
				ONLY_ACTIVE_ARCH = YES;
				SDKROOT = iphoneos;
				SWIFT_ACTIVE_COMPILATION_CONDITIONS = DEBUG;
				SWIFT_OPTIMIZATION_LEVEL = "-Onone";
			};
			name = Debug;
		};
		36DBA9C3224EB25900C7A75F /* Release */ = {
			isa = XCBuildConfiguration;
			buildSettings = {
				ALWAYS_SEARCH_USER_PATHS = NO;
				CLANG_ANALYZER_NONNULL = YES;
				CLANG_ANALYZER_NUMBER_OBJECT_CONVERSION = YES_AGGRESSIVE;
				CLANG_CXX_LANGUAGE_STANDARD = "gnu++14";
				CLANG_CXX_LIBRARY = "libc++";
				CLANG_ENABLE_MODULES = YES;
				CLANG_ENABLE_OBJC_ARC = YES;
				CLANG_ENABLE_OBJC_WEAK = YES;
				CLANG_WARN_BLOCK_CAPTURE_AUTORELEASING = YES;
				CLANG_WARN_BOOL_CONVERSION = YES;
				CLANG_WARN_COMMA = YES;
				CLANG_WARN_CONSTANT_CONVERSION = YES;
				CLANG_WARN_DEPRECATED_OBJC_IMPLEMENTATIONS = YES;
				CLANG_WARN_DIRECT_OBJC_ISA_USAGE = YES_ERROR;
				CLANG_WARN_DOCUMENTATION_COMMENTS = YES;
				CLANG_WARN_EMPTY_BODY = YES;
				CLANG_WARN_ENUM_CONVERSION = YES;
				CLANG_WARN_INFINITE_RECURSION = YES;
				CLANG_WARN_INT_CONVERSION = YES;
				CLANG_WARN_NON_LITERAL_NULL_CONVERSION = YES;
				CLANG_WARN_OBJC_IMPLICIT_RETAIN_SELF = YES;
				CLANG_WARN_OBJC_LITERAL_CONVERSION = YES;
				CLANG_WARN_OBJC_ROOT_CLASS = YES_ERROR;
				CLANG_WARN_RANGE_LOOP_ANALYSIS = YES;
				CLANG_WARN_STRICT_PROTOTYPES = YES;
				CLANG_WARN_SUSPICIOUS_MOVE = YES;
				CLANG_WARN_UNGUARDED_AVAILABILITY = YES_AGGRESSIVE;
				CLANG_WARN_UNREACHABLE_CODE = YES;
				CLANG_WARN__DUPLICATE_METHOD_MATCH = YES;
				CODE_SIGN_IDENTITY = "iPhone Developer";
				COPY_PHASE_STRIP = NO;
				DEBUG_INFORMATION_FORMAT = "dwarf-with-dsym";
				ENABLE_NS_ASSERTIONS = NO;
				ENABLE_STRICT_OBJC_MSGSEND = YES;
				GCC_C_LANGUAGE_STANDARD = gnu11;
				GCC_NO_COMMON_BLOCKS = YES;
				GCC_WARN_64_TO_32_BIT_CONVERSION = YES;
				GCC_WARN_ABOUT_RETURN_TYPE = YES_ERROR;
				GCC_WARN_UNDECLARED_SELECTOR = YES;
				GCC_WARN_UNINITIALIZED_AUTOS = YES_AGGRESSIVE;
				GCC_WARN_UNUSED_FUNCTION = YES;
				GCC_WARN_UNUSED_VARIABLE = YES;
				IPHONEOS_DEPLOYMENT_TARGET = 12.2;
				MTL_ENABLE_DEBUG_INFO = NO;
				MTL_FAST_MATH = YES;
				SDKROOT = iphoneos;
				SWIFT_COMPILATION_MODE = wholemodule;
				SWIFT_OPTIMIZATION_LEVEL = "-O";
				VALIDATE_PRODUCT = YES;
			};
			name = Release;
		};
		36DBA9C5224EB25900C7A75F /* Debug */ = {
			isa = XCBuildConfiguration;
			buildSettings = {
				ASSETCATALOG_COMPILER_APPICON_NAME = AppIcon;
				CODE_SIGN_STYLE = Automatic;
				DEVELOPMENT_TEAM = DDB3YPNGY8;
				INFOPLIST_FILE = VideoFromTwitchTV/Info.plist;
				LD_RUNPATH_SEARCH_PATHS = (
					"$(inherited)",
					"@executable_path/Frameworks",
				);
				PRODUCT_BUNDLE_IDENTIFIER = com.gil.mariusz91.VideoFromTwitchTV;
				PRODUCT_NAME = "$(TARGET_NAME)";
				SWIFT_VERSION = 5.0;
				TARGETED_DEVICE_FAMILY = 1;
			};
			name = Debug;
		};
		36DBA9C6224EB25900C7A75F /* Release */ = {
			isa = XCBuildConfiguration;
			buildSettings = {
				ASSETCATALOG_COMPILER_APPICON_NAME = AppIcon;
				CODE_SIGN_STYLE = Automatic;
				DEVELOPMENT_TEAM = DDB3YPNGY8;
				INFOPLIST_FILE = VideoFromTwitchTV/Info.plist;
				LD_RUNPATH_SEARCH_PATHS = (
					"$(inherited)",
					"@executable_path/Frameworks",
				);
				PRODUCT_BUNDLE_IDENTIFIER = com.gil.mariusz91.VideoFromTwitchTV;
				PRODUCT_NAME = "$(TARGET_NAME)";
				SWIFT_VERSION = 5.0;
				TARGETED_DEVICE_FAMILY = 1;
			};
			name = Release;
		};
/* End XCBuildConfiguration section */

/* Begin XCConfigurationList section */
		36DBA9AD224EB25700C7A75F /* Build configuration list for PBXProject "VideoFromTwitchTV" */ = {
			isa = XCConfigurationList;
			buildConfigurations = (
				36DBA9C2224EB25900C7A75F /* Debug */,
				36DBA9C3224EB25900C7A75F /* Release */,
			);
			defaultConfigurationIsVisible = 0;
			defaultConfigurationName = Release;
		};
		36DBA9C4224EB25900C7A75F /* Build configuration list for PBXNativeTarget "VideoFromTwitchTV" */ = {
			isa = XCConfigurationList;
			buildConfigurations = (
				36DBA9C5224EB25900C7A75F /* Debug */,
				36DBA9C6224EB25900C7A75F /* Release */,
			);
			defaultConfigurationIsVisible = 0;
			defaultConfigurationName = Release;
		};
/* End XCConfigurationList section */
	};
	rootObject = 36DBA9AA224EB25700C7A75F /* Project object */;
}
